
Microsoft Visual Studio Solution File, Format Version 12.00
# Visual Studio 15
VisualStudioVersion = 15.0.28010.2019
MinimumVisualStudioVersion = 10.0.40219.1
Project("{9A19103F-16F7-4668-BE54-9A1E7A4F7556}") = "Question1", "Question1\Question1.csproj", "{F6A589D9-0582-4D62-808F-88749E7CB3D6}"
EndProject
Project("{9A19103F-16F7-4668-BE54-9A1E7A4F7556}") = "Question2", "Question2\Question2.csproj", "{C8FE7DF8-84B6-4928-BEA3-7BB918074655}"
EndProject
Project("{FAE04EC0-301F-11D3-BF4B-00C04F79EFBC}") = "Question3", "Question3\Question3.csproj", "{4DEBA441-8119-4A38-B1C5-085C351EBAB4}"
EndProject
Project("{FAE04EC0-301F-11D3-BF4B-00C04F79EFBC}") = "Question4", "Question4\Question4.csproj", "{7203A9EB-1B2D-4B76-9A07-F95156EFFC45}"
EndProject
Global
	GlobalSection(SolutionConfigurationPlatforms) = preSolution
		Debug|Any CPU = Debug|Any CPU
		Release|Any CPU = Release|Any CPU
	EndGlobalSection
	GlobalSection(ProjectConfigurationPlatforms) = postSolution
		{F6A589D9-0582-4D62-808F-88749E7CB3D6}.Debug|Any CPU.ActiveCfg = Debug|Any CPU
		{F6A589D9-0582-4D62-808F-88749E7CB3D6}.Debug|Any CPU.Build.0 = Debug|Any CPU
		{F6A589D9-0582-4D62-808F-88749E7CB3D6}.Release|Any CPU.ActiveCfg = Release|Any CPU
		{F6A589D9-0582-4D62-808F-88749E7CB3D6}.Release|Any CPU.Build.0 = Release|Any CPU
		{C8FE7DF8-84B6-4928-BEA3-7BB918074655}.Debug|Any CPU.ActiveCfg = Debug|Any CPU
		{C8FE7DF8-84B6-4928-BEA3-7BB918074655}.Debug|Any CPU.Build.0 = Debug|Any CPU
		{C8FE7DF8-84B6-4928-BEA3-7BB918074655}.Release|Any CPU.ActiveCfg = Release|Any CPU
		{C8FE7DF8-84B6-4928-BEA3-7BB918074655}.Release|Any CPU.Build.0 = Release|Any CPU
		{4DEBA441-8119-4A38-B1C5-085C351EBAB4}.Debug|Any CPU.ActiveCfg = Debug|Any CPU
		{4DEBA441-8119-4A38-B1C5-085C351EBAB4}.Debug|Any CPU.Build.0 = Debug|Any CPU
		{4DEBA441-8119-4A38-B1C5-085C351EBAB4}.Release|Any CPU.ActiveCfg = Release|Any CPU
		{4DEBA441-8119-4A38-B1C5-085C351EBAB4}.Release|Any CPU.Build.0 = Release|Any CPU
		{7203A9EB-1B2D-4B76-9A07-F95156EFFC45}.Debug|Any CPU.ActiveCfg = Debug|Any CPU
		{7203A9EB-1B2D-4B76-9A07-F95156EFFC45}.Debug|Any CPU.Build.0 = Debug|Any CPU
		{7203A9EB-1B2D-4B76-9A07-F95156EFFC45}.Release|Any CPU.ActiveCfg = Release|Any CPU
		{7203A9EB-1B2D-4B76-9A07-F95156EFFC45}.Release|Any CPU.Build.0 = Release|Any CPU
	EndGlobalSection
	GlobalSection(SolutionProperties) = preSolution
		HideSolutionNode = FALSE
	EndGlobalSection
	GlobalSection(ExtensibilityGlobals) = postSolution
		SolutionGuid = {C9C8EE05-EFF1-484A-BE28-B85C93AC4003}
	EndGlobalSection
EndGlobal
